
Microsoft Visual Studio Solution File, Format Version 12.00
# Visual Studio Version 17
VisualStudioVersion = 17.14.36414.22 d17.14
MinimumVisualStudioVersion = 10.0.40219.1
Project("{FAE04EC0-301F-11D3-BF4B-00C04F79EFBC}") = "Belajar_C#", "Belajar_C#\Belajar_C#.csproj", "{EE41EF59-6366-4FA9-9F6C-CD96D7D55512}"
EndProject
Global
	GlobalSection(SolutionConfigurationPlatforms) = preSolution
		Debug|Any CPU = Debug|Any CPU
		Release|Any CPU = Release|Any CPU
	EndGlobalSection
	GlobalSection(ProjectConfigurationPlatforms) = postSolution
		{EE41EF59-6366-4FA9-9F6C-CD96D7D55512}.Debug|Any CPU.ActiveCfg = Debug|Any CPU
		{EE41EF59-6366-4FA9-9F6C-CD96D7D55512}.Debug|Any CPU.Build.0 = Debug|Any CPU
		{EE41EF59-6366-4FA9-9F6C-CD96D7D55512}.Release|Any CPU.ActiveCfg = Release|Any CPU
		{EE41EF59-6366-4FA9-9F6C-CD96D7D55512}.Release|Any CPU.Build.0 = Release|Any CPU
	EndGlobalSection
	GlobalSection(SolutionProperties) = preSolution
		HideSolutionNode = FALSE
	EndGlobalSection
	GlobalSection(ExtensibilityGlobals) = postSolution
		SolutionGuid = {14DA1BFF-2D68-410B-AD14-62A578F83A47}
	EndGlobalSection
EndGlobal
